
Microsoft Visual Studio Solution File, Format Version 12.00
# Visual Studio Version 17
VisualStudioVersion = 17.0.31903.59
MinimumVisualStudioVersion = 10.0.40219.1
Project("{2150E333-8FDC-42A3-9474-1A3956D46DE8}") = "src", "src", "{E0827657-7E41-49ED-B259-3497E09545D3}"
EndProject
Project("{FAE04EC0-301F-11D3-BF4B-00C04F79EFBC}") = "PayTerminal.Api", "src\PayTerminal.Api\PayTerminal.Api.csproj", "{21B1D696-7CEA-4CA1-B633-E7E6E6923C86}"
EndProject
Project("{FAE04EC0-301F-11D3-BF4B-00C04F79EFBC}") = "PayTerminal.Domain", "src\PayTerminal.Domain\PayTerminal.Domain.csproj", "{2F70BEAD-1441-4376-83A7-7FB2B585E124}"
EndProject
Project("{FAE04EC0-301F-11D3-BF4B-00C04F79EFBC}") = "PayTerminal.Application", "src\PayTerminal.Application\PayTerminal.Application.csproj", "{6AA59AE4-D9D7-4442-B3C7-00876B90A3A3}"
EndProject
Project("{FAE04EC0-301F-11D3-BF4B-00C04F79EFBC}") = "PayTerminal.Infrastructure", "src\PayTerminal.Infrastructure\PayTerminal.Infrastructure.csproj", "{1DB1F6B7-0E35-4689-A9B5-59A4104587FE}"
EndProject
Project("{2150E333-8FDC-42A3-9474-1A3956D46DE8}") = "tests", "tests", "{E88A4E88-A454-4F8D-8744-DF3E6C078CF7}"
EndProject
Project("{FAE04EC0-301F-11D3-BF4B-00C04F79EFBC}") = "PayTerminal.Tests", "tests\PayTerminal.Tests\PayTerminal.Tests.csproj", "{CC9EDB08-779B-430B-AB89-AEEA680FC0DF}"
EndProject
Global
	GlobalSection(SolutionConfigurationPlatforms) = preSolution
		Debug|Any CPU = Debug|Any CPU
		Release|Any CPU = Release|Any CPU
	EndGlobalSection
	GlobalSection(SolutionProperties) = preSolution
		HideSolutionNode = FALSE
	EndGlobalSection
	GlobalSection(ProjectConfigurationPlatforms) = postSolution
		{21B1D696-7CEA-4CA1-B633-E7E6E6923C86}.Debug|Any CPU.ActiveCfg = Debug|Any CPU
		{21B1D696-7CEA-4CA1-B633-E7E6E6923C86}.Debug|Any CPU.Build.0 = Debug|Any CPU
		{21B1D696-7CEA-4CA1-B633-E7E6E6923C86}.Release|Any CPU.ActiveCfg = Release|Any CPU
		{21B1D696-7CEA-4CA1-B633-E7E6E6923C86}.Release|Any CPU.Build.0 = Release|Any CPU
		{2F70BEAD-1441-4376-83A7-7FB2B585E124}.Debug|Any CPU.ActiveCfg = Debug|Any CPU
		{2F70BEAD-1441-4376-83A7-7FB2B585E124}.Debug|Any CPU.Build.0 = Debug|Any CPU
		{2F70BEAD-1441-4376-83A7-7FB2B585E124}.Release|Any CPU.ActiveCfg = Release|Any CPU
		{2F70BEAD-1441-4376-83A7-7FB2B585E124}.Release|Any CPU.Build.0 = Release|Any CPU
		{6AA59AE4-D9D7-4442-B3C7-00876B90A3A3}.Debug|Any CPU.ActiveCfg = Debug|Any CPU
		{6AA59AE4-D9D7-4442-B3C7-00876B90A3A3}.Debug|Any CPU.Build.0 = Debug|Any CPU
		{6AA59AE4-D9D7-4442-B3C7-00876B90A3A3}.Release|Any CPU.ActiveCfg = Release|Any CPU
		{6AA59AE4-D9D7-4442-B3C7-00876B90A3A3}.Release|Any CPU.Build.0 = Release|Any CPU
		{1DB1F6B7-0E35-4689-A9B5-59A4104587FE}.Debug|Any CPU.ActiveCfg = Debug|Any CPU
		{1DB1F6B7-0E35-4689-A9B5-59A4104587FE}.Debug|Any CPU.Build.0 = Debug|Any CPU
		{1DB1F6B7-0E35-4689-A9B5-59A4104587FE}.Release|Any CPU.ActiveCfg = Release|Any CPU
		{1DB1F6B7-0E35-4689-A9B5-59A4104587FE}.Release|Any CPU.Build.0 = Release|Any CPU
		{CC9EDB08-779B-430B-AB89-AEEA680FC0DF}.Debug|Any CPU.ActiveCfg = Debug|Any CPU
		{CC9EDB08-779B-430B-AB89-AEEA680FC0DF}.Debug|Any CPU.Build.0 = Debug|Any CPU
		{CC9EDB08-779B-430B-AB89-AEEA680FC0DF}.Release|Any CPU.ActiveCfg = Release|Any CPU
		{CC9EDB08-779B-430B-AB89-AEEA680FC0DF}.Release|Any CPU.Build.0 = Release|Any CPU
	EndGlobalSection
	GlobalSection(NestedProjects) = preSolution
		{21B1D696-7CEA-4CA1-B633-E7E6E6923C86} = {E0827657-7E41-49ED-B259-3497E09545D3}
		{2F70BEAD-1441-4376-83A7-7FB2B585E124} = {E0827657-7E41-49ED-B259-3497E09545D3}
		{6AA59AE4-D9D7-4442-B3C7-00876B90A3A3} = {E0827657-7E41-49ED-B259-3497E09545D3}
		{1DB1F6B7-0E35-4689-A9B5-59A4104587FE} = {E0827657-7E41-49ED-B259-3497E09545D3}
		{CC9EDB08-779B-430B-AB89-AEEA680FC0DF} = {E88A4E88-A454-4F8D-8744-DF3E6C078CF7}
	EndGlobalSection
EndGlobal
